
Microsoft Visual Studio Solution File, Format Version 12.00
# Visual Studio Version 17
VisualStudioVersion = 17.8.34330.188
MinimumVisualStudioVersion = 10.0.40219.1
Project("{FAE04EC0-301F-11D3-BF4B-00C04F79EFBC}") = "Cotacao", "Cotacao\Cotacao.csproj", "{B558F841-8A4A-48D7-B356-154594290AEE}"
EndProject
Global
	GlobalSection(SolutionConfigurationPlatforms) = preSolution
		Debug|Any CPU = Debug|Any CPU
		Release|Any CPU = Release|Any CPU
	EndGlobalSection
	GlobalSection(ProjectConfigurationPlatforms) = postSolution
		{B558F841-8A4A-48D7-B356-154594290AEE}.Debug|Any CPU.ActiveCfg = Debug|Any CPU
		{B558F841-8A4A-48D7-B356-154594290AEE}.Debug|Any CPU.Build.0 = Debug|Any CPU
		{B558F841-8A4A-48D7-B356-154594290AEE}.Release|Any CPU.ActiveCfg = Release|Any CPU
		{B558F841-8A4A-48D7-B356-154594290AEE}.Release|Any CPU.Build.0 = Release|Any CPU
	EndGlobalSection
	GlobalSection(SolutionProperties) = preSolution
		HideSolutionNode = FALSE
	EndGlobalSection
	GlobalSection(ExtensibilityGlobals) = postSolution
		SolutionGuid = {3B46E20D-3093-4E74-A88E-3E8D2CCC09E9}
	EndGlobalSection
EndGlobal
